
Microsoft Visual Studio Solution File, Format Version 12.00
# Visual Studio Version 16
VisualStudioVersion = 16.0.31911.196
MinimumVisualStudioVersion = 10.0.40219.1
Project("{FAE04EC0-301F-11D3-BF4B-00C04F79EFBC}") = "CheckName.UWP", "CheckName.UWP\CheckName.UWP.csproj", "{9DDE9B1E-1B1E-43EB-935D-80185601727F}"
EndProject
Project("{FAE04EC0-301F-11D3-BF4B-00C04F79EFBC}") = "CheckName.Android", "CheckName.Android\CheckName.Android.csproj", "{6597A9E5-AF1C-4943-B033-312AA7FEE2D0}"
EndProject
Project("{FAE04EC0-301F-11D3-BF4B-00C04F79EFBC}") = "CheckName.iOS", "CheckName.iOS\CheckName.iOS.csproj", "{DAB1375D-2318-4C08-A596-685B0AEBDDAE}"
EndProject
Project("{FAE04EC0-301F-11D3-BF4B-00C04F79EFBC}") = "CheckName", "CheckName\CheckName.csproj", "{2F1C6901-E91F-4710-B051-5AC0EA978C74}"
EndProject
Global
	GlobalSection(SolutionConfigurationPlatforms) = preSolution
		Debug|Any CPU = Debug|Any CPU
		Debug|ARM = Debug|ARM
		Debug|iPhone = Debug|iPhone
		Debug|iPhoneSimulator = Debug|iPhoneSimulator
		Debug|x64 = Debug|x64
		Debug|x86 = Debug|x86
		Release|Any CPU = Release|Any CPU
		Release|ARM = Release|ARM
		Release|iPhone = Release|iPhone
		Release|iPhoneSimulator = Release|iPhoneSimulator
		Release|x64 = Release|x64
		Release|x86 = Release|x86
	EndGlobalSection
	GlobalSection(ProjectConfigurationPlatforms) = postSolution
		{9DDE9B1E-1B1E-43EB-935D-80185601727F}.Debug|Any CPU.ActiveCfg = Debug|x86
		{9DDE9B1E-1B1E-43EB-935D-80185601727F}.Debug|Any CPU.Build.0 = Debug|x86
		{9DDE9B1E-1B1E-43EB-935D-80185601727F}.Debug|Any CPU.Deploy.0 = Debug|x86
		{9DDE9B1E-1B1E-43EB-935D-80185601727F}.Debug|ARM.ActiveCfg = Debug|ARM
		{9DDE9B1E-1B1E-43EB-935D-80185601727F}.Debug|ARM.Build.0 = Debug|ARM
		{9DDE9B1E-1B1E-43EB-935D-80185601727F}.Debug|ARM.Deploy.0 = Debug|ARM
		{9DDE9B1E-1B1E-43EB-935D-80185601727F}.Debug|iPhone.ActiveCfg = Debug|x86
		{9DDE9B1E-1B1E-43EB-935D-80185601727F}.Debug|iPhone.Build.0 = Debug|x86
		{9DDE9B1E-1B1E-43EB-935D-80185601727F}.Debug|iPhone.Deploy.0 = Debug|x86
		{9DDE9B1E-1B1E-43EB-935D-80185601727F}.Debug|iPhoneSimulator.ActiveCfg = Debug|x86
		{9DDE9B1E-1B1E-43EB-935D-80185601727F}.Debug|iPhoneSimulator.Build.0 = Debug|x86
		{9DDE9B1E-1B1E-43EB-935D-80185601727F}.Debug|iPhoneSimulator.Deploy.0 = Debug|x86
		{9DDE9B1E-1B1E-43EB-935D-80185601727F}.Debug|x64.ActiveCfg = Debug|x64
		{9DDE9B1E-1B1E-43EB-935D-80185601727F}.Debug|x64.Build.0 = Debug|x64
		{9DDE9B1E-1B1E-43EB-935D-80185601727F}.Debug|x64.Deploy.0 = Debug|x64
		{9DDE9B1E-1B1E-43EB-935D-80185601727F}.Debug|x86.ActiveCfg = Debug|x86
		{9DDE9B1E-1B1E-43EB-935D-80185601727F}.Debug|x86.Build.0 = Debug|x86
		{9DDE9B1E-1B1E-43EB-935D-80185601727F}.Debug|x86.Deploy.0 = Debug|x86
		{9DDE9B1E-1B1E-43EB-935D-80185601727F}.Release|Any CPU.ActiveCfg = Release|x86
		{9DDE9B1E-1B1E-43EB-935D-80185601727F}.Release|Any CPU.Build.0 = Release|x86
		{9DDE9B1E-1B1E-43EB-935D-80185601727F}.Release|Any CPU.Deploy.0 = Release|x86
		{9DDE9B1E-1B1E-43EB-935D-80185601727F}.Release|ARM.ActiveCfg = Release|ARM
		{9DDE9B1E-1B1E-43EB-935D-80185601727F}.Release|ARM.Build.0 = Release|ARM
		{9DDE9B1E-1B1E-43EB-935D-80185601727F}.Release|ARM.Deploy.0 = Release|ARM
		{9DDE9B1E-1B1E-43EB-935D-80185601727F}.Release|iPhone.ActiveCfg = Release|x86
		{9DDE9B1E-1B1E-43EB-935D-80185601727F}.Release|iPhone.Build.0 = Release|x86
		{9DDE9B1E-1B1E-43EB-935D-80185601727F}.Release|iPhone.Deploy.0 = Release|x86
		{9DDE9B1E-1B1E-43EB-935D-80185601727F}.Release|iPhoneSimulator.ActiveCfg = Release|x86
		{9DDE9B1E-1B1E-43EB-935D-80185601727F}.Release|iPhoneSimulator.Build.0 = Release|x86
		{9DDE9B1E-1B1E-43EB-935D-80185601727F}.Release|iPhoneSimulator.Deploy.0 = Release|x86
		{9DDE9B1E-1B1E-43EB-935D-80185601727F}.Release|x64.ActiveCfg = Release|x64
		{9DDE9B1E-1B1E-43EB-935D-80185601727F}.Release|x64.Build.0 = Release|x64
		{9DDE9B1E-1B1E-43EB-935D-80185601727F}.Release|x64.Deploy.0 = Release|x64
		{9DDE9B1E-1B1E-43EB-935D-80185601727F}.Release|x86.ActiveCfg = Release|x86
		{9DDE9B1E-1B1E-43EB-935D-80185601727F}.Release|x86.Build.0 = Release|x86
		{9DDE9B1E-1B1E-43EB-935D-80185601727F}.Release|x86.Deploy.0 = Release|x86
		{6597A9E5-AF1C-4943-B033-312AA7FEE2D0}.Debug|Any CPU.ActiveCfg = Debug|Any CPU
		{6597A9E5-AF1C-4943-B033-312AA7FEE2D0}.Debug|Any CPU.Build.0 = Debug|Any CPU
		{6597A9E5-AF1C-4943-B033-312AA7FEE2D0}.Debug|Any CPU.Deploy.0 = Debug|Any CPU
		{6597A9E5-AF1C-4943-B033-312AA7FEE2D0}.Debug|ARM.ActiveCfg = Debug|Any CPU
		{6597A9E5-AF1C-4943-B033-312AA7FEE2D0}.Debug|ARM.Build.0 = Debug|Any CPU
		{6597A9E5-AF1C-4943-B033-312AA7FEE2D0}.Debug|ARM.Deploy.0 = Debug|Any CPU
		{6597A9E5-AF1C-4943-B033-312AA7FEE2D0}.Debug|iPhone.ActiveCfg = Debug|Any CPU
		{6597A9E5-AF1C-4943-B033-312AA7FEE2D0}.Debug|iPhone.Build.0 = Debug|Any CPU
		{6597A9E5-AF1C-4943-B033-312AA7FEE2D0}.Debug|iPhone.Deploy.0 = Debug|Any CPU
		{6597A9E5-AF1C-4943-B033-312AA7FEE2D0}.Debug|iPhoneSimulator.ActiveCfg = Debug|Any CPU
		{6597A9E5-AF1C-4943-B033-312AA7FEE2D0}.Debug|iPhoneSimulator.Build.0 = Debug|Any CPU
		{6597A9E5-AF1C-4943-B033-312AA7FEE2D0}.Debug|iPhoneSimulator.Deploy.0 = Debug|Any CPU
		{6597A9E5-AF1C-4943-B033-312AA7FEE2D0}.Debug|x64.ActiveCfg = Debug|Any CPU
		{6597A9E5-AF1C-4943-B033-312AA7FEE2D0}.Debug|x64.Build.0 = Debug|Any CPU
		{6597A9E5-AF1C-4943-B033-312AA7FEE2D0}.Debug|x64.Deploy.0 = Debug|Any CPU
		{6597A9E5-AF1C-4943-B033-312AA7FEE2D0}.Debug|x86.ActiveCfg = Debug|Any CPU
		{6597A9E5-AF1C-4943-B033-312AA7FEE2D0}.Debug|x86.Build.0 = Debug|Any CPU
		{6597A9E5-AF1C-4943-B033-312AA7FEE2D0}.Debug|x86.Deploy.0 = Debug|Any CPU
		{6597A9E5-AF1C-4943-B033-312AA7FEE2D0}.Release|Any CPU.ActiveCfg = Release|Any CPU
		{6597A9E5-AF1C-4943-B033-312AA7FEE2D0}.Release|Any CPU.Build.0 = Release|Any CPU
		{6597A9E5-AF1C-4943-B033-312AA7FEE2D0}.Release|Any CPU.Deploy.0 = Release|Any CPU
		{6597A9E5-AF1C-4943-B033-312AA7FEE2D0}.Release|ARM.ActiveCfg = Release|Any CPU
		{6597A9E5-AF1C-4943-B033-312AA7FEE2D0}.Release|ARM.Build.0 = Release|Any CPU
		{6597A9E5-AF1C-4943-B033-312AA7FEE2D0}.Release|ARM.Deploy.0 = Release|Any CPU
		{6597A9E5-AF1C-4943-B033-312AA7FEE2D0}.Release|iPhone.ActiveCfg = Release|Any CPU
		{6597A9E5-AF1C-4943-B033-312AA7FEE2D0}.Release|iPhone.Build.0 = Release|Any CPU
		{6597A9E5-AF1C-4943-B033-312AA7FEE2D0}.Release|iPhone.Deploy.0 = Release|Any CPU
		{6597A9E5-AF1C-4943-B033-312AA7FEE2D0}.Release|iPhoneSimulator.ActiveCfg = Release|Any CPU
		{6597A9E5-AF1C-4943-B033-312AA7FEE2D0}.Release|iPhoneSimulator.Build.0 = Release|Any CPU
		{6597A9E5-AF1C-4943-B033-312AA7FEE2D0}.Release|iPhoneSimulator.Deploy.0 = Release|Any CPU
		{6597A9E5-AF1C-4943-B033-312AA7FEE2D0}.Release|x64.ActiveCfg = Release|Any CPU
		{6597A9E5-AF1C-4943-B033-312AA7FEE2D0}.Release|x64.Build.0 = Release|Any CPU
		{6597A9E5-AF1C-4943-B033-312AA7FEE2D0}.Release|x64.Deploy.0 = Release|Any CPU
		{6597A9E5-AF1C-4943-B033-312AA7FEE2D0}.Release|x86.ActiveCfg = Release|Any CPU
		{6597A9E5-AF1C-4943-B033-312AA7FEE2D0}.Release|x86.Build.0 = Release|Any CPU
		{6597A9E5-AF1C-4943-B033-312AA7FEE2D0}.Release|x86.Deploy.0 = Release|Any CPU
		{DAB1375D-2318-4C08-A596-685B0AEBDDAE}.Debug|Any CPU.ActiveCfg = Debug|iPhoneSimulator
		{DAB1375D-2318-4C08-A596-685B0AEBDDAE}.Debug|Any CPU.Build.0 = Debug|iPhoneSimulator
		{DAB1375D-2318-4C08-A596-685B0AEBDDAE}.Debug|Any CPU.Deploy.0 = Debug|iPhoneSimulator
		{DAB1375D-2318-4C08-A596-685B0AEBDDAE}.Debug|ARM.ActiveCfg = Debug|iPhone
		{DAB1375D-2318-4C08-A596-685B0AEBDDAE}.Debug|ARM.Build.0 = Debug|iPhone
		{DAB1375D-2318-4C08-A596-685B0AEBDDAE}.Debug|ARM.Deploy.0 = Debug|iPhone
		{DAB1375D-2318-4C08-A596-685B0AEBDDAE}.Debug|iPhone.ActiveCfg = Debug|iPhone
		{DAB1375D-2318-4C08-A596-685B0AEBDDAE}.Debug|iPhone.Build.0 = Debug|iPhone
		{DAB1375D-2318-4C08-A596-685B0AEBDDAE}.Debug|iPhone.Deploy.0 = Debug|iPhone
		{DAB1375D-2318-4C08-A596-685B0AEBDDAE}.Debug|iPhoneSimulator.ActiveCfg = Debug|iPhoneSimulator
		{DAB1375D-2318-4C08-A596-685B0AEBDDAE}.Debug|iPhoneSimulator.Build.0 = Debug|iPhoneSimulator
		{DAB1375D-2318-4C08-A596-685B0AEBDDAE}.Debug|iPhoneSimulator.Deploy.0 = Debug|iPhoneSimulator
		{DAB1375D-2318-4C08-A596-685B0AEBDDAE}.Debug|x64.ActiveCfg = Debug|iPhoneSimulator
		{DAB1375D-2318-4C08-A596-685B0AEBDDAE}.Debug|x64.Build.0 = Debug|iPhoneSimulator
		{DAB1375D-2318-4C08-A596-685B0AEBDDAE}.Debug|x64.Deploy.0 = Debug|iPhoneSimulator
		{DAB1375D-2318-4C08-A596-685B0AEBDDAE}.Debug|x86.ActiveCfg = Debug|iPhoneSimulator
		{DAB1375D-2318-4C08-A596-685B0AEBDDAE}.Debug|x86.Build.0 = Debug|iPhoneSimulator
		{DAB1375D-2318-4C08-A596-685B0AEBDDAE}.Debug|x86.Deploy.0 = Debug|iPhoneSimulator
		{DAB1375D-2318-4C08-A596-685B0AEBDDAE}.Release|Any CPU.ActiveCfg = Release|iPhoneSimulator
		{DAB1375D-2318-4C08-A596-685B0AEBDDAE}.Release|Any CPU.Build.0 = Release|iPhoneSimulator
		{DAB1375D-2318-4C08-A596-685B0AEBDDAE}.Release|Any CPU.Deploy.0 = Release|iPhoneSimulator
		{DAB1375D-2318-4C08-A596-685B0AEBDDAE}.Release|ARM.ActiveCfg = Release|iPhoneSimulator
		{DAB1375D-2318-4C08-A596-685B0AEBDDAE}.Release|ARM.Build.0 = Release|iPhoneSimulator
		{DAB1375D-2318-4C08-A596-685B0AEBDDAE}.Release|ARM.Deploy.0 = Release|iPhoneSimulator
		{DAB1375D-2318-4C08-A596-685B0AEBDDAE}.Release|iPhone.ActiveCfg = Release|iPhone
		{DAB1375D-2318-4C08-A596-685B0AEBDDAE}.Release|iPhone.Build.0 = Release|iPhone
		{DAB1375D-2318-4C08-A596-685B0AEBDDAE}.Release|iPhone.Deploy.0 = Release|iPhone
		{DAB1375D-2318-4C08-A596-685B0AEBDDAE}.Release|iPhoneSimulator.ActiveCfg = Release|iPhoneSimulator
		{DAB1375D-2318-4C08-A596-685B0AEBDDAE}.Release|iPhoneSimulator.Build.0 = Release|iPhoneSimulator
		{DAB1375D-2318-4C08-A596-685B0AEBDDAE}.Release|iPhoneSimulator.Deploy.0 = Release|iPhoneSimulator
		{DAB1375D-2318-4C08-A596-685B0AEBDDAE}.Release|x64.ActiveCfg = Release|iPhoneSimulator
		{DAB1375D-2318-4C08-A596-685B0AEBDDAE}.Release|x64.Build.0 = Release|iPhoneSimulator
		{DAB1375D-2318-4C08-A596-685B0AEBDDAE}.Release|x64.Deploy.0 = Release|iPhoneSimulator
		{DAB1375D-2318-4C08-A596-685B0AEBDDAE}.Release|x86.ActiveCfg = Release|iPhoneSimulator
		{DAB1375D-2318-4C08-A596-685B0AEBDDAE}.Release|x86.Build.0 = Release|iPhoneSimulator
		{DAB1375D-2318-4C08-A596-685B0AEBDDAE}.Release|x86.Deploy.0 = Release|iPhoneSimulator
		{2F1C6901-E91F-4710-B051-5AC0EA978C74}.Debug|Any CPU.ActiveCfg = Debug|Any CPU
		{2F1C6901-E91F-4710-B051-5AC0EA978C74}.Debug|Any CPU.Build.0 = Debug|Any CPU
		{2F1C6901-E91F-4710-B051-5AC0EA978C74}.Debug|Any CPU.Deploy.0 = Debug|Any CPU
		{2F1C6901-E91F-4710-B051-5AC0EA978C74}.Debug|ARM.ActiveCfg = Debug|Any CPU
		{2F1C6901-E91F-4710-B051-5AC0EA978C74}.Debug|ARM.Build.0 = Debug|Any CPU
		{2F1C6901-E91F-4710-B051-5AC0EA978C74}.Debug|ARM.Deploy.0 = Debug|Any CPU
		{2F1C6901-E91F-4710-B051-5AC0EA978C74}.Debug|iPhone.ActiveCfg = Debug|Any CPU
		{2F1C6901-E91F-4710-B051-5AC0EA978C74}.Debug|iPhone.Build.0 = Debug|Any CPU
		{2F1C6901-E91F-4710-B051-5AC0EA978C74}.Debug|iPhone.Deploy.0 = Debug|Any CPU
		{2F1C6901-E91F-4710-B051-5AC0EA978C74}.Debug|iPhoneSimulator.ActiveCfg = Debug|Any CPU
		{2F1C6901-E91F-4710-B051-5AC0EA978C74}.Debug|iPhoneSimulator.Build.0 = Debug|Any CPU
		{2F1C6901-E91F-4710-B051-5AC0EA978C74}.Debug|iPhoneSimulator.Deploy.0 = Debug|Any CPU
		{2F1C6901-E91F-4710-B051-5AC0EA978C74}.Debug|x64.ActiveCfg = Debug|Any CPU
		{2F1C6901-E91F-4710-B051-5AC0EA978C74}.Debug|x64.Build.0 = Debug|Any CPU
		{2F1C6901-E91F-4710-B051-5AC0EA978C74}.Debug|x64.Deploy.0 = Debug|Any CPU
		{2F1C6901-E91F-4710-B051-5AC0EA978C74}.Debug|x86.ActiveCfg = Debug|Any CPU
		{2F1C6901-E91F-4710-B051-5AC0EA978C74}.Debug|x86.Build.0 = Debug|Any CPU
		{2F1C6901-E91F-4710-B051-5AC0EA978C74}.Debug|x86.Deploy.0 = Debug|Any CPU
		{2F1C6901-E91F-4710-B051-5AC0EA978C74}.Release|Any CPU.ActiveCfg = Release|Any CPU
		{2F1C6901-E91F-4710-B051-5AC0EA978C74}.Release|Any CPU.Build.0 = Release|Any CPU
		{2F1C6901-E91F-4710-B051-5AC0EA978C74}.Release|Any CPU.Deploy.0 = Release|Any CPU
		{2F1C6901-E91F-4710-B051-5AC0EA978C74}.Release|ARM.ActiveCfg = Release|Any CPU
		{2F1C6901-E91F-4710-B051-5AC0EA978C74}.Release|ARM.Build.0 = Release|Any CPU
		{2F1C6901-E91F-4710-B051-5AC0EA978C74}.Release|ARM.Deploy.0 = Release|Any CPU
		{2F1C6901-E91F-4710-B051-5AC0EA978C74}.Release|iPhone.ActiveCfg = Release|Any CPU
		{2F1C6901-E91F-4710-B051-5AC0EA978C74}.Release|iPhone.Build.0 = Release|Any CPU
		{2F1C6901-E91F-4710-B051-5AC0EA978C74}.Release|iPhone.Deploy.0 = Release|Any CPU
		{2F1C6901-E91F-4710-B051-5AC0EA978C74}.Release|iPhoneSimulator.ActiveCfg = Release|Any CPU
		{2F1C6901-E91F-4710-B051-5AC0EA978C74}.Release|iPhoneSimulator.Build.0 = Release|Any CPU
		{2F1C6901-E91F-4710-B051-5AC0EA978C74}.Release|iPhoneSimulator.Deploy.0 = Release|Any CPU
		{2F1C6901-E91F-4710-B051-5AC0EA978C74}.Release|x64.ActiveCfg = Release|Any CPU
		{2F1C6901-E91F-4710-B051-5AC0EA978C74}.Release|x64.Build.0 = Release|Any CPU
		{2F1C6901-E91F-4710-B051-5AC0EA978C74}.Release|x64.Deploy.0 = Release|Any CPU
		{2F1C6901-E91F-4710-B051-5AC0EA978C74}.Release|x86.ActiveCfg = Release|Any CPU
		{2F1C6901-E91F-4710-B051-5AC0EA978C74}.Release|x86.Build.0 = Release|Any CPU
		{2F1C6901-E91F-4710-B051-5AC0EA978C74}.Release|x86.Deploy.0 = Release|Any CPU
	EndGlobalSection
	GlobalSection(SolutionProperties) = preSolution
		HideSolutionNode = FALSE
	EndGlobalSection
	GlobalSection(ExtensibilityGlobals) = postSolution
		SolutionGuid = {0CACAE3F-F6B3-4708-B6AA-ADBD011A3F8D}
	EndGlobalSection
EndGlobal
