
Microsoft Visual Studio Solution File, Format Version 12.00
# Visual Studio Version 16
VisualStudioVersion = 16.0.31624.102
MinimumVisualStudioVersion = 10.0.40219.1
Project("{FAE04EC0-301F-11D3-BF4B-00C04F79EFBC}") = "ClientWPF", "ClientWPF\ClientWPF.csproj", "{623CC68F-29B8-488E-A44A-1E2C09497555}"
EndProject
Global
	GlobalSection(SolutionConfigurationPlatforms) = preSolution
		Debug|Any CPU = Debug|Any CPU
		Release|Any CPU = Release|Any CPU
	EndGlobalSection
	GlobalSection(ProjectConfigurationPlatforms) = postSolution
		{623CC68F-29B8-488E-A44A-1E2C09497555}.Debug|Any CPU.ActiveCfg = Debug|Any CPU
		{623CC68F-29B8-488E-A44A-1E2C09497555}.Debug|Any CPU.Build.0 = Debug|Any CPU
		{623CC68F-29B8-488E-A44A-1E2C09497555}.Release|Any CPU.ActiveCfg = Release|Any CPU
		{623CC68F-29B8-488E-A44A-1E2C09497555}.Release|Any CPU.Build.0 = Release|Any CPU
	EndGlobalSection
	GlobalSection(SolutionProperties) = preSolution
		HideSolutionNode = FALSE
	EndGlobalSection
	GlobalSection(ExtensibilityGlobals) = postSolution
		SolutionGuid = {C2DDAD1B-80BB-4126-A8FB-F0816E4233D6}
	EndGlobalSection
EndGlobal
