
Microsoft Visual Studio Solution File, Format Version 12.00
# Visual Studio Version 16
VisualStudioVersion = 16.0.31624.102
MinimumVisualStudioVersion = 10.0.40219.1
Project("{FAE04EC0-301F-11D3-BF4B-00C04F79EFBC}") = "ConsoleServerTCP", "ConsoleServerTCP\ConsoleServerTCP.csproj", "{6310BFD2-CB38-4F0B-A524-75C1B4CE0559}"
EndProject
Project("{FAE04EC0-301F-11D3-BF4B-00C04F79EFBC}") = "ChooseACard", "ChooseACard\ChooseACard.csproj", "{F4950227-BB9F-43BB-97EE-2E32A9640F44}"
EndProject
Global
	GlobalSection(SolutionConfigurationPlatforms) = preSolution
		Debug|Any CPU = Debug|Any CPU
		Release|Any CPU = Release|Any CPU
	EndGlobalSection
	GlobalSection(ProjectConfigurationPlatforms) = postSolution
		{6310BFD2-CB38-4F0B-A524-75C1B4CE0559}.Debug|Any CPU.ActiveCfg = Debug|Any CPU
		{6310BFD2-CB38-4F0B-A524-75C1B4CE0559}.Debug|Any CPU.Build.0 = Debug|Any CPU
		{6310BFD2-CB38-4F0B-A524-75C1B4CE0559}.Release|Any CPU.ActiveCfg = Release|Any CPU
		{6310BFD2-CB38-4F0B-A524-75C1B4CE0559}.Release|Any CPU.Build.0 = Release|Any CPU
		{F4950227-BB9F-43BB-97EE-2E32A9640F44}.Debug|Any CPU.ActiveCfg = Debug|Any CPU
		{F4950227-BB9F-43BB-97EE-2E32A9640F44}.Debug|Any CPU.Build.0 = Debug|Any CPU
		{F4950227-BB9F-43BB-97EE-2E32A9640F44}.Release|Any CPU.ActiveCfg = Release|Any CPU
		{F4950227-BB9F-43BB-97EE-2E32A9640F44}.Release|Any CPU.Build.0 = Release|Any CPU
	EndGlobalSection
	GlobalSection(SolutionProperties) = preSolution
		HideSolutionNode = FALSE
	EndGlobalSection
	GlobalSection(ExtensibilityGlobals) = postSolution
		SolutionGuid = {9AE579C4-8B4E-4F53-B075-32B4341B24B2}
	EndGlobalSection
EndGlobal
