
Microsoft Visual Studio Solution File, Format Version 12.00
# Visual Studio Version 16
VisualStudioVersion = 16.0.31624.102
MinimumVisualStudioVersion = 10.0.40219.1
Project("{FAE04EC0-301F-11D3-BF4B-00C04F79EFBC}") = "FTPHW", "FTPHW\FTPHW.csproj", "{FC50142B-8039-42A2-8161-A448BA91266C}"
EndProject
Global
	GlobalSection(SolutionConfigurationPlatforms) = preSolution
		Debug|Any CPU = Debug|Any CPU
		Release|Any CPU = Release|Any CPU
	EndGlobalSection
	GlobalSection(ProjectConfigurationPlatforms) = postSolution
		{FC50142B-8039-42A2-8161-A448BA91266C}.Debug|Any CPU.ActiveCfg = Debug|Any CPU
		{FC50142B-8039-42A2-8161-A448BA91266C}.Debug|Any CPU.Build.0 = Debug|Any CPU
		{FC50142B-8039-42A2-8161-A448BA91266C}.Release|Any CPU.ActiveCfg = Release|Any CPU
		{FC50142B-8039-42A2-8161-A448BA91266C}.Release|Any CPU.Build.0 = Release|Any CPU
	EndGlobalSection
	GlobalSection(SolutionProperties) = preSolution
		HideSolutionNode = FALSE
	EndGlobalSection
	GlobalSection(ExtensibilityGlobals) = postSolution
		SolutionGuid = {A46664F8-16EC-4E79-9FFB-D662DB09569D}
	EndGlobalSection
EndGlobal
