
Microsoft Visual Studio Solution File, Format Version 12.00
# Visual Studio Version 16
VisualStudioVersion = 16.0.31624.102
MinimumVisualStudioVersion = 10.0.40219.1
Project("{FAE04EC0-301F-11D3-BF4B-00C04F79EFBC}") = "SocketSystem", "SocketSystem\SocketSystem.csproj", "{5DADC61A-A301-448D-85F9-E52349E5DF79}"
EndProject
Global
	GlobalSection(SolutionConfigurationPlatforms) = preSolution
		Debug|Any CPU = Debug|Any CPU
		Release|Any CPU = Release|Any CPU
	EndGlobalSection
	GlobalSection(ProjectConfigurationPlatforms) = postSolution
		{5DADC61A-A301-448D-85F9-E52349E5DF79}.Debug|Any CPU.ActiveCfg = Debug|Any CPU
		{5DADC61A-A301-448D-85F9-E52349E5DF79}.Debug|Any CPU.Build.0 = Debug|Any CPU
		{5DADC61A-A301-448D-85F9-E52349E5DF79}.Release|Any CPU.ActiveCfg = Release|Any CPU
		{5DADC61A-A301-448D-85F9-E52349E5DF79}.Release|Any CPU.Build.0 = Release|Any CPU
	EndGlobalSection
	GlobalSection(SolutionProperties) = preSolution
		HideSolutionNode = FALSE
	EndGlobalSection
	GlobalSection(ExtensibilityGlobals) = postSolution
		SolutionGuid = {BD110F9B-52CF-493E-A7E8-F76E6FC37EAC}
	EndGlobalSection
EndGlobal
