
Microsoft Visual Studio Solution File, Format Version 12.00
# Visual Studio Version 16
VisualStudioVersion = 16.0.31624.102
MinimumVisualStudioVersion = 10.0.40219.1
Project("{FAE04EC0-301F-11D3-BF4B-00C04F79EFBC}") = "WPFAcquaintance", "WPFAcquaintance\WPFAcquaintance.csproj", "{922F53D8-7D7E-42AB-866A-051BA444829A}"
EndProject
Global
	GlobalSection(SolutionConfigurationPlatforms) = preSolution
		Debug|Any CPU = Debug|Any CPU
		Release|Any CPU = Release|Any CPU
	EndGlobalSection
	GlobalSection(ProjectConfigurationPlatforms) = postSolution
		{922F53D8-7D7E-42AB-866A-051BA444829A}.Debug|Any CPU.ActiveCfg = Debug|Any CPU
		{922F53D8-7D7E-42AB-866A-051BA444829A}.Debug|Any CPU.Build.0 = Debug|Any CPU
		{922F53D8-7D7E-42AB-866A-051BA444829A}.Release|Any CPU.ActiveCfg = Release|Any CPU
		{922F53D8-7D7E-42AB-866A-051BA444829A}.Release|Any CPU.Build.0 = Release|Any CPU
	EndGlobalSection
	GlobalSection(SolutionProperties) = preSolution
		HideSolutionNode = FALSE
	EndGlobalSection
	GlobalSection(ExtensibilityGlobals) = postSolution
		SolutionGuid = {EB97347F-A595-4559-95BC-9598C9003A6E}
	EndGlobalSection
EndGlobal
