
Microsoft Visual Studio Solution File, Format Version 12.00
# Visual Studio Version 16
VisualStudioVersion = 16.0.31624.102
MinimumVisualStudioVersion = 10.0.40219.1
Project("{FAE04EC0-301F-11D3-BF4B-00C04F79EFBC}") = "WPFMessanger", "WPFMessanger\WPFMessanger.csproj", "{49D1CADF-34A9-49D1-9491-7A2646AFEFF4}"
EndProject
Global
	GlobalSection(SolutionConfigurationPlatforms) = preSolution
		Debug|Any CPU = Debug|Any CPU
		Release|Any CPU = Release|Any CPU
	EndGlobalSection
	GlobalSection(ProjectConfigurationPlatforms) = postSolution
		{49D1CADF-34A9-49D1-9491-7A2646AFEFF4}.Debug|Any CPU.ActiveCfg = Debug|Any CPU
		{49D1CADF-34A9-49D1-9491-7A2646AFEFF4}.Debug|Any CPU.Build.0 = Debug|Any CPU
		{49D1CADF-34A9-49D1-9491-7A2646AFEFF4}.Release|Any CPU.ActiveCfg = Release|Any CPU
		{49D1CADF-34A9-49D1-9491-7A2646AFEFF4}.Release|Any CPU.Build.0 = Release|Any CPU
	EndGlobalSection
	GlobalSection(SolutionProperties) = preSolution
		HideSolutionNode = FALSE
	EndGlobalSection
	GlobalSection(ExtensibilityGlobals) = postSolution
		SolutionGuid = {91FA2F5C-5591-4A62-803F-8CF194394873}
	EndGlobalSection
EndGlobal
